<?xml version="1.0" encoding="utf-8"?>
<Project ToolsVersion="4.0" xmlns="http://schemas.microsoft.com/developer/msbuild/2003">
  <ItemGroup>
    <Text Include="data.txt">
      <Filter>Data</Filter>
    </Text>
    <Text Include="example.txt">
      <Filter>Data</Filter>
    </Text>
  </ItemGroup>
  <ItemGroup>
    <Filter Include="Code">
      <UniqueIdentifier>{cd834fa7-b302-402f-951b-380bb9d0a025}</UniqueIdentifier>
    </Filter>
    <Filter Include="Data">
      <UniqueIdentifier>{d2477dac-2375-4f7c-8801-cc19b21e899f}</UniqueIdentifier>
    </Filter>
  </ItemGroup>
  <ItemGroup>
    <ClCompile Include="main.cpp">
      <Filter>Code</Filter>
    </ClCompile>
  </ItemGroup>
</Project>